
Microsoft Visual Studio Solution File, Format Version 12.00
# Visual Studio Version 16
VisualStudioVersion = 16.0.29609.76
MinimumVisualStudioVersion = 10.0.40219.1
Project("{FAE04EC0-301F-11D3-BF4B-00C04F79EFBC}") = "Loja", "Loja.csproj", "{7C5488A2-77ED-4460-8659-EAB66D6ADDA8}"
EndProject
Global
	GlobalSection(SolutionConfigurationPlatforms) = preSolution
		Debug|Any CPU = Debug|Any CPU
		Release|Any CPU = Release|Any CPU
	EndGlobalSection
	GlobalSection(ProjectConfigurationPlatforms) = postSolution
		{7C5488A2-77ED-4460-8659-EAB66D6ADDA8}.Debug|Any CPU.ActiveCfg = Debug|Any CPU
		{7C5488A2-77ED-4460-8659-EAB66D6ADDA8}.Debug|Any CPU.Build.0 = Debug|Any CPU
		{7C5488A2-77ED-4460-8659-EAB66D6ADDA8}.Release|Any CPU.ActiveCfg = Release|Any CPU
		{7C5488A2-77ED-4460-8659-EAB66D6ADDA8}.Release|Any CPU.Build.0 = Release|Any CPU
	EndGlobalSection
	GlobalSection(SolutionProperties) = preSolution
		HideSolutionNode = FALSE
	EndGlobalSection
	GlobalSection(ExtensibilityGlobals) = postSolution
		SolutionGuid = {EDBF3616-194A-4424-8D24-DC9EB58D1ECF}
	EndGlobalSection
EndGlobal
